// !$*UTF8*$!
{
	archiveVersion = 1;
	classes = {
	};
	objectVersion = 46;
	objects = {

/* Begin PBXBuildFile section */
		268C4FD41F2828D3006B88BB /* AddCardView.swift in Sources */ = {isa = PBXBuildFile; fileRef = 268C4FD31F2828D3006B88BB /* AddCardView.swift */; };
		26A821B21F1A95DF00C2ACA6 /* TechniqueCardCell.swift in Sources */ = {isa = PBXBuildFile; fileRef = 26A821B11F1A95DF00C2ACA6 /* TechniqueCardCell.swift */; };
		26D6466B1F12B54200BD8BD9 /* AppDelegate.swift in Sources */ = {isa = PBXBuildFile; fileRef = 26D6466A1F12B54200BD8BD9 /* AppDelegate.swift */; };
		26D646701F12B54200BD8BD9 /* Main.storyboard in Resources */ = {isa = PBXBuildFile; fileRef = 26D6466E1F12B54200BD8BD9 /* Main.storyboard */; };
		26D646731F12B54200BD8BD9 /* TechTrainer.xcdatamodeld in Sources */ = {isa = PBXBuildFile; fileRef = 26D646711F12B54200BD8BD9 /* TechTrainer.xcdatamodeld */; };
		26D646751F12B54200BD8BD9 /* Assets.xcassets in Resources */ = {isa = PBXBuildFile; fileRef = 26D646741F12B54200BD8BD9 /* Assets.xcassets */; };
		26D646781F12B54200BD8BD9 /* LaunchScreen.storyboard in Resources */ = {isa = PBXBuildFile; fileRef = 26D646761F12B54200BD8BD9 /* LaunchScreen.storyboard */; };
		26D646831F12B54200BD8BD9 /* TechTrainerTests.swift in Sources */ = {isa = PBXBuildFile; fileRef = 26D646821F12B54200BD8BD9 /* TechTrainerTests.swift */; };
		26D6468E1F12B6ED00BD8BD9 /* TechniqueViewController.swift in Sources */ = {isa = PBXBuildFile; fileRef = 26D6468D1F12B6ED00BD8BD9 /* TechniqueViewController.swift */; };
/* End PBXBuildFile section */

/* Begin PBXContainerItemProxy section */
		26D6467F1F12B54200BD8BD9 /* PBXContainerItemProxy */ = {
			isa = PBXContainerItemProxy;
			containerPortal = 26D6465F1F12B54200BD8BD9 /* Project object */;
			proxyType = 1;
			remoteGlobalIDString = 26D646661F12B54200BD8BD9;
			remoteInfo = TechTrainer;
		};
/* End PBXContainerItemProxy section */

/* Begin PBXFileReference section */
		268C4FD31F2828D3006B88BB /* AddCardView.swift */ = {isa = PBXFileReference; fileEncoding = 4; lastKnownFileType = sourcecode.swift; path = AddCardView.swift; sourceTree = "<group>"; };
		26A821B11F1A95DF00C2ACA6 /* TechniqueCardCell.swift */ = {isa = PBXFileReference; fileEncoding = 4; lastKnownFileType = sourcecode.swift; path = TechniqueCardCell.swift; sourceTree = "<group>"; };
		26D646671F12B54200BD8BD9 /* TechTrainer.app */ = {isa = PBXFileReference; explicitFileType = wrapper.application; includeInIndex = 0; path = TechTrainer.app; sourceTree = BUILT_PRODUCTS_DIR; };
		26D6466A1F12B54200BD8BD9 /* AppDelegate.swift */ = {isa = PBXFileReference; lastKnownFileType = sourcecode.swift; path = AppDelegate.swift; sourceTree = "<group>"; };
		26D6466F1F12B54200BD8BD9 /* Base */ = {isa = PBXFileReference; lastKnownFileType = file.storyboard; name = Base; path = Base.lproj/Main.storyboard; sourceTree = "<group>"; };
		26D646721F12B54200BD8BD9 /* TechTrainer.xcdatamodel */ = {isa = PBXFileReference; lastKnownFileType = wrapper.xcdatamodel; path = TechTrainer.xcdatamodel; sourceTree = "<group>"; };
		26D646741F12B54200BD8BD9 /* Assets.xcassets */ = {isa = PBXFileReference; lastKnownFileType = folder.assetcatalog; path = Assets.xcassets; sourceTree = "<group>"; };
		26D646771F12B54200BD8BD9 /* Base */ = {isa = PBXFileReference; lastKnownFileType = file.storyboard; name = Base; path = Base.lproj/LaunchScreen.storyboard; sourceTree = "<group>"; };
		26D646791F12B54200BD8BD9 /* Info.plist */ = {isa = PBXFileReference; lastKnownFileType = text.plist.xml; path = Info.plist; sourceTree = "<group>"; };
		26D6467E1F12B54200BD8BD9 /* TechTrainerTests.xctest */ = {isa = PBXFileReference; explicitFileType = wrapper.cfbundle; includeInIndex = 0; path = TechTrainerTests.xctest; sourceTree = BUILT_PRODUCTS_DIR; };
		26D646821F12B54200BD8BD9 /* TechTrainerTests.swift */ = {isa = PBXFileReference; lastKnownFileType = sourcecode.swift; path = TechTrainerTests.swift; sourceTree = "<group>"; };
		26D646841F12B54200BD8BD9 /* Info.plist */ = {isa = PBXFileReference; lastKnownFileType = text.plist.xml; path = Info.plist; sourceTree = "<group>"; };
		26D6468D1F12B6ED00BD8BD9 /* TechniqueViewController.swift */ = {isa = PBXFileReference; fileEncoding = 4; lastKnownFileType = sourcecode.swift; path = TechniqueViewController.swift; sourceTree = "<group>"; };
/* End PBXFileReference section */

/* Begin PBXFrameworksBuildPhase section */
		26D646641F12B54200BD8BD9 /* Frameworks */ = {
			isa = PBXFrameworksBuildPhase;
			buildActionMask = 2147483647;
			files = (
			);
			runOnlyForDeploymentPostprocessing = 0;
		};
		26D6467B1F12B54200BD8BD9 /* Frameworks */ = {
			isa = PBXFrameworksBuildPhase;
			buildActionMask = 2147483647;
			files = (
			);
			runOnlyForDeploymentPostprocessing = 0;
		};
/* End PBXFrameworksBuildPhase section */

/* Begin PBXGroup section */
		26D6465E1F12B54200BD8BD9 = {
			isa = PBXGroup;
			children = (
				26D646691F12B54200BD8BD9 /* TechTrainer */,
				26D646811F12B54200BD8BD9 /* TechTrainerTests */,
				26D646681F12B54200BD8BD9 /* Products */,
			);
			sourceTree = "<group>";
		};
		26D646681F12B54200BD8BD9 /* Products */ = {
			isa = PBXGroup;
			children = (
				26D646671F12B54200BD8BD9 /* TechTrainer.app */,
				26D6467E1F12B54200BD8BD9 /* TechTrainerTests.xctest */,
			);
			name = Products;
			sourceTree = "<group>";
		};
		26D646691F12B54200BD8BD9 /* TechTrainer */ = {
			isa = PBXGroup;
			children = (
				26D6466A1F12B54200BD8BD9 /* AppDelegate.swift */,
				26D6468D1F12B6ED00BD8BD9 /* TechniqueViewController.swift */,
				26A821B11F1A95DF00C2ACA6 /* TechniqueCardCell.swift */,
				268C4FD31F2828D3006B88BB /* AddCardView.swift */,
				26D6466E1F12B54200BD8BD9 /* Main.storyboard */,
				26D646741F12B54200BD8BD9 /* Assets.xcassets */,
				26D646761F12B54200BD8BD9 /* LaunchScreen.storyboard */,
				26D646791F12B54200BD8BD9 /* Info.plist */,
				26D646711F12B54200BD8BD9 /* TechTrainer.xcdatamodeld */,
			);
			path = TechTrainer;
			sourceTree = "<group>";
		};
		26D646811F12B54200BD8BD9 /* TechTrainerTests */ = {
			isa = PBXGroup;
			children = (
				26D646821F12B54200BD8BD9 /* TechTrainerTests.swift */,
				26D646841F12B54200BD8BD9 /* Info.plist */,
			);
			path = TechTrainerTests;
			sourceTree = "<group>";
		};
/* End PBXGroup section */

/* Begin PBXNativeTarget section */
		26D646661F12B54200BD8BD9 /* TechTrainer */ = {
			isa = PBXNativeTarget;
			buildConfigurationList = 26D646871F12B54200BD8BD9 /* Build configuration list for PBXNativeTarget "TechTrainer" */;
			buildPhases = (
				26D646631F12B54200BD8BD9 /* Sources */,
				26D646641F12B54200BD8BD9 /* Frameworks */,
				26D646651F12B54200BD8BD9 /* Resources */,
			);
			buildRules = (
			);
			dependencies = (
			);
			name = TechTrainer;
			productName = TechTrainer;
			productReference = 26D646671F12B54200BD8BD9 /* TechTrainer.app */;
			productType = "com.apple.product-type.application";
		};
		26D6467D1F12B54200BD8BD9 /* TechTrainerTests */ = {
			isa = PBXNativeTarget;
			buildConfigurationList = 26D6468A1F12B54200BD8BD9 /* Build configuration list for PBXNativeTarget "TechTrainerTests" */;
			buildPhases = (
				26D6467A1F12B54200BD8BD9 /* Sources */,
				26D6467B1F12B54200BD8BD9 /* Frameworks */,
				26D6467C1F12B54200BD8BD9 /* Resources */,
			);
			buildRules = (
			);
			dependencies = (
				26D646801F12B54200BD8BD9 /* PBXTargetDependency */,
			);
			name = TechTrainerTests;
			productName = TechTrainerTests;
			productReference = 26D6467E1F12B54200BD8BD9 /* TechTrainerTests.xctest */;
			productType = "com.apple.product-type.bundle.unit-test";
		};
/* End PBXNativeTarget section */

/* Begin PBXProject section */
		26D6465F1F12B54200BD8BD9 /* Project object */ = {
			isa = PBXProject;
			attributes = {
				LastSwiftUpdateCheck = 0830;
				LastUpgradeCheck = 0830;
				ORGANIZATIONNAME = "Mikael Olezeski";
				TargetAttributes = {
					26D646661F12B54200BD8BD9 = {
						CreatedOnToolsVersion = 8.3.3;
						DevelopmentTeam = 2YZ54TVF57;
						ProvisioningStyle = Automatic;
					};
					26D6467D1F12B54200BD8BD9 = {
						CreatedOnToolsVersion = 8.3.3;
						DevelopmentTeam = 2YZ54TVF57;
						ProvisioningStyle = Automatic;
						TestTargetID = 26D646661F12B54200BD8BD9;
					};
				};
			};
			buildConfigurationList = 26D646621F12B54200BD8BD9 /* Build configuration list for PBXProject "TechTrainer" */;
			compatibilityVersion = "Xcode 3.2";
			developmentRegion = English;
			hasScannedForEncodings = 0;
			knownRegions = (
				en,
				Base,
			);
			mainGroup = 26D6465E1F12B54200BD8BD9;
			productRefGroup = 26D646681F12B54200BD8BD9 /* Products */;
			projectDirPath = "";
			projectRoot = "";
			targets = (
				26D646661F12B54200BD8BD9 /* TechTrainer */,
				26D6467D1F12B54200BD8BD9 /* TechTrainerTests */,
			);
		};
/* End PBXProject section */

/* Begin PBXResourcesBuildPhase section */
		26D646651F12B54200BD8BD9 /* Resources */ = {
			isa = PBXResourcesBuildPhase;
			buildActionMask = 2147483647;
			files = (
				26D646781F12B54200BD8BD9 /* LaunchScreen.storyboard in Resources */,
				26D646751F12B54200BD8BD9 /* Assets.xcassets in Resources */,
				26D646701F12B54200BD8BD9 /* Main.storyboard in Resources */,
			);
			runOnlyForDeploymentPostprocessing = 0;
		};
		26D6467C1F12B54200BD8BD9 /* Resources */ = {
			isa = PBXResourcesBuildPhase;
			buildActionMask = 2147483647;
			files = (
			);
			runOnlyForDeploymentPostprocessing = 0;
		};
/* End PBXResourcesBuildPhase section */

/* Begin PBXSourcesBuildPhase section */
		26D646631F12B54200BD8BD9 /* Sources */ = {
			isa = PBXSourcesBuildPhase;
			buildActionMask = 2147483647;
			files = (
				26D6466B1F12B54200BD8BD9 /* AppDelegate.swift in Sources */,
				26D646731F12B54200BD8BD9 /* TechTrainer.xcdatamodeld in Sources */,
				26A821B21F1A95DF00C2ACA6 /* TechniqueCardCell.swift in Sources */,
				26D6468E1F12B6ED00BD8BD9 /* TechniqueViewController.swift in Sources */,
				268C4FD41F2828D3006B88BB /* AddCardView.swift in Sources */,
			);
			runOnlyForDeploymentPostprocessing = 0;
		};
		26D6467A1F12B54200BD8BD9 /* Sources */ = {
			isa = PBXSourcesBuildPhase;
			buildActionMask = 2147483647;
			files = (
				26D646831F12B54200BD8BD9 /* TechTrainerTests.swift in Sources */,
			);
			runOnlyForDeploymentPostprocessing = 0;
		};
/* End PBXSourcesBuildPhase section */

/* Begin PBXTargetDependency section */
		26D646801F12B54200BD8BD9 /* PBXTargetDependency */ = {
			isa = PBXTargetDependency;
			target = 26D646661F12B54200BD8BD9 /* TechTrainer */;
			targetProxy = 26D6467F1F12B54200BD8BD9 /* PBXContainerItemProxy */;
		};
/* End PBXTargetDependency section */

/* Begin PBXVariantGroup section */
		26D6466E1F12B54200BD8BD9 /* Main.storyboard */ = {
			isa = PBXVariantGroup;
			children = (
				26D6466F1F12B54200BD8BD9 /* Base */,
			);
			name = Main.storyboard;
			sourceTree = "<group>";
		};
		26D646761F12B54200BD8BD9 /* LaunchScreen.storyboard */ = {
			isa = PBXVariantGroup;
			children = (
				26D646771F12B54200BD8BD9 /* Base */,
			);
			name = LaunchScreen.storyboard;
			sourceTree = "<group>";
		};
/* End PBXVariantGroup section */

/* Begin XCBuildConfiguration section */
		26D646851F12B54200BD8BD9 /* Debug */ = {
			isa = XCBuildConfiguration;
			buildSettings = {
				ALWAYS_SEARCH_USER_PATHS = NO;
				CLANG_ANALYZER_NONNULL = YES;
				CLANG_ANALYZER_NUMBER_OBJECT_CONVERSION = YES_AGGRESSIVE;
				CLANG_CXX_LANGUAGE_STANDARD = "gnu++0x";
				CLANG_CXX_LIBRARY = "libc++";
				CLANG_ENABLE_MODULES = YES;
				CLANG_ENABLE_OBJC_ARC = YES;
				CLANG_WARN_BOOL_CONVERSION = YES;
				CLANG_WARN_CONSTANT_CONVERSION = YES;
				CLANG_WARN_DIRECT_OBJC_ISA_USAGE = YES_ERROR;
				CLANG_WARN_DOCUMENTATION_COMMENTS = YES;
				CLANG_WARN_EMPTY_BODY = YES;
				CLANG_WARN_ENUM_CONVERSION = YES;
				CLANG_WARN_INFINITE_RECURSION = YES;
				CLANG_WARN_INT_CONVERSION = YES;
				CLANG_WARN_OBJC_ROOT_CLASS = YES_ERROR;
				CLANG_WARN_SUSPICIOUS_MOVE = YES;
				CLANG_WARN_UNREACHABLE_CODE = YES;
				CLANG_WARN__DUPLICATE_METHOD_MATCH = YES;
				"CODE_SIGN_IDENTITY[sdk=iphoneos*]" = "iPhone Developer";
				COPY_PHASE_STRIP = NO;
				DEBUG_INFORMATION_FORMAT = dwarf;
				ENABLE_STRICT_OBJC_MSGSEND = YES;
				ENABLE_TESTABILITY = YES;
				GCC_C_LANGUAGE_STANDARD = gnu99;
				GCC_DYNAMIC_NO_PIC = NO;
				GCC_NO_COMMON_BLOCKS = YES;
				GCC_OPTIMIZATION_LEVEL = 0;
				GCC_PREPROCESSOR_DEFINITIONS = (
					"DEBUG=1",
					"$(inherited)",
				);
				GCC_WARN_64_TO_32_BIT_CONVERSION = YES;
				GCC_WARN_ABOUT_RETURN_TYPE = YES_ERROR;
				GCC_WARN_UNDECLARED_SELECTOR = YES;
				GCC_WARN_UNINITIALIZED_AUTOS = YES_AGGRESSIVE;
				GCC_WARN_UNUSED_FUNCTION = YES;
				GCC_WARN_UNUSED_VARIABLE = YES;
				IPHONEOS_DEPLOYMENT_TARGET = 10.3;
				MTL_ENABLE_DEBUG_INFO = YES;
				ONLY_ACTIVE_ARCH = YES;
				SDKROOT = iphoneos;
				SWIFT_ACTIVE_COMPILATION_CONDITIONS = DEBUG;
				SWIFT_OPTIMIZATION_LEVEL = "-Onone";
				TARGETED_DEVICE_FAMILY = "1,2";
			};
			name = Debug;
		};
		26D646861F12B54200BD8BD9 /* Release */ = {
			isa = XCBuildConfiguration;
			buildSettings = {
				ALWAYS_SEARCH_USER_PATHS = NO;
				CLANG_ANALYZER_NONNULL = YES;
				CLANG_ANALYZER_NUMBER_OBJECT_CONVERSION = YES_AGGRESSIVE;
				CLANG_CXX_LANGUAGE_STANDARD = "gnu++0x";
				CLANG_CXX_LIBRARY = "libc++";
				CLANG_ENABLE_MODULES = YES;
				CLANG_ENABLE_OBJC_ARC = YES;
				CLANG_WARN_BOOL_CONVERSION = YES;
				CLANG_WARN_CONSTANT_CONVERSION = YES;
				CLANG_WARN_DIRECT_OBJC_ISA_USAGE = YES_ERROR;
				CLANG_WARN_DOCUMENTATION_COMMENTS = YES;
				CLANG_WARN_EMPTY_BODY = YES;
				CLANG_WARN_ENUM_CONVERSION = YES;
				CLANG_WARN_INFINITE_RECURSION = YES;
				CLANG_WARN_INT_CONVERSION = YES;
				CLANG_WARN_OBJC_ROOT_CLASS = YES_ERROR;
				CLANG_WARN_SUSPICIOUS_MOVE = YES;
				CLANG_WARN_UNREACHABLE_CODE = YES;
				CLANG_WARN__DUPLICATE_METHOD_MATCH = YES;
				"CODE_SIGN_IDENTITY[sdk=iphoneos*]" = "iPhone Developer";
				COPY_PHASE_STRIP = NO;
				DEBUG_INFORMATION_FORMAT = "dwarf-with-dsym";
				ENABLE_NS_ASSERTIONS = NO;
				ENABLE_STRICT_OBJC_MSGSEND = YES;
				GCC_C_LANGUAGE_STANDARD = gnu99;
				GCC_NO_COMMON_BLOCKS = YES;
				GCC_WARN_64_TO_32_BIT_CONVERSION = YES;
				GCC_WARN_ABOUT_RETURN_TYPE = YES_ERROR;
				GCC_WARN_UNDECLARED_SELECTOR = YES;
				GCC_WARN_UNINITIALIZED_AUTOS = YES_AGGRESSIVE;
				GCC_WARN_UNUSED_FUNCTION = YES;
				GCC_WARN_UNUSED_VARIABLE = YES;
				IPHONEOS_DEPLOYMENT_TARGET = 10.3;
				MTL_ENABLE_DEBUG_INFO = NO;
				SDKROOT = iphoneos;
				SWIFT_OPTIMIZATION_LEVEL = "-Owholemodule";
				TARGETED_DEVICE_FAMILY = "1,2";
				VALIDATE_PRODUCT = YES;
			};
			name = Release;
		};
		26D646881F12B54200BD8BD9 /* Debug */ = {
			isa = XCBuildConfiguration;
			buildSettings = {
				ASSETCATALOG_COMPILER_APPICON_NAME = AppIcon;
				DEVELOPMENT_TEAM = 2YZ54TVF57;
				INFOPLIST_FILE = TechTrainer/Info.plist;
				LD_RUNPATH_SEARCH_PATHS = "$(inherited) @executable_path/Frameworks";
				PRODUCT_BUNDLE_IDENTIFIER = com.zestyflav.TechTrainer;
				PRODUCT_NAME = "$(TARGET_NAME)";
				SWIFT_VERSION = 3.0;
			};
			name = Debug;
		};
		26D646891F12B54200BD8BD9 /* Release */ = {
			isa = XCBuildConfiguration;
			buildSettings = {
				ASSETCATALOG_COMPILER_APPICON_NAME = AppIcon;
				DEVELOPMENT_TEAM = 2YZ54TVF57;
				INFOPLIST_FILE = TechTrainer/Info.plist;
				LD_RUNPATH_SEARCH_PATHS = "$(inherited) @executable_path/Frameworks";
				PRODUCT_BUNDLE_IDENTIFIER = com.zestyflav.TechTrainer;
				PRODUCT_NAME = "$(TARGET_NAME)";
				SWIFT_VERSION = 3.0;
			};
			name = Release;
		};
		26D6468B1F12B54200BD8BD9 /* Debug */ = {
			isa = XCBuildConfiguration;
			buildSettings = {
				ALWAYS_EMBED_SWIFT_STANDARD_LIBRARIES = YES;
				BUNDLE_LOADER = "$(TEST_HOST)";
				DEVELOPMENT_TEAM = 2YZ54TVF57;
				INFOPLIST_FILE = TechTrainerTests/Info.plist;
				LD_RUNPATH_SEARCH_PATHS = "$(inherited) @executable_path/Frameworks @loader_path/Frameworks";
				PRODUCT_BUNDLE_IDENTIFIER = com.zestyflav.TechTrainerTests;
				PRODUCT_NAME = "$(TARGET_NAME)";
				SWIFT_VERSION = 3.0;
				TEST_HOST = "$(BUILT_PRODUCTS_DIR)/TechTrainer.app/TechTrainer";
			};
			name = Debug;
		};
		26D6468C1F12B54200BD8BD9 /* Release */ = {
			isa = XCBuildConfiguration;
			buildSettings = {
				ALWAYS_EMBED_SWIFT_STANDARD_LIBRARIES = YES;
				BUNDLE_LOADER = "$(TEST_HOST)";
				DEVELOPMENT_TEAM = 2YZ54TVF57;
				INFOPLIST_FILE = TechTrainerTests/Info.plist;
				LD_RUNPATH_SEARCH_PATHS = "$(inherited) @executable_path/Frameworks @loader_path/Frameworks";
				PRODUCT_BUNDLE_IDENTIFIER = com.zestyflav.TechTrainerTests;
				PRODUCT_NAME = "$(TARGET_NAME)";
				SWIFT_VERSION = 3.0;
				TEST_HOST = "$(BUILT_PRODUCTS_DIR)/TechTrainer.app/TechTrainer";
			};
			name = Release;
		};
/* End XCBuildConfiguration section */

/* Begin XCConfigurationList section */
		26D646621F12B54200BD8BD9 /* Build configuration list for PBXProject "TechTrainer" */ = {
			isa = XCConfigurationList;
			buildConfigurations = (
				26D646851F12B54200BD8BD9 /* Debug */,
				26D646861F12B54200BD8BD9 /* Release */,
			);
			defaultConfigurationIsVisible = 0;
			defaultConfigurationName = Release;
		};
		26D646871F12B54200BD8BD9 /* Build configuration list for PBXNativeTarget "TechTrainer" */ = {
			isa = XCConfigurationList;
			buildConfigurations = (
				26D646881F12B54200BD8BD9 /* Debug */,
				26D646891F12B54200BD8BD9 /* Release */,
			);
			defaultConfigurationIsVisible = 0;
			defaultConfigurationName = Release;
		};
		26D6468A1F12B54200BD8BD9 /* Build configuration list for PBXNativeTarget "TechTrainerTests" */ = {
			isa = XCConfigurationList;
			buildConfigurations = (
				26D6468B1F12B54200BD8BD9 /* Debug */,
				26D6468C1F12B54200BD8BD9 /* Release */,
			);
			defaultConfigurationIsVisible = 0;
			defaultConfigurationName = Release;
		};
/* End XCConfigurationList section */

/* Begin XCVersionGroup section */
		26D646711F12B54200BD8BD9 /* TechTrainer.xcdatamodeld */ = {
			isa = XCVersionGroup;
			children = (
				26D646721F12B54200BD8BD9 /* TechTrainer.xcdatamodel */,
			);
			currentVersion = 26D646721F12B54200BD8BD9 /* TechTrainer.xcdatamodel */;
			path = TechTrainer.xcdatamodeld;
			sourceTree = "<group>";
			versionGroupType = wrapper.xcdatamodel;
		};
/* End XCVersionGroup section */
	};
	rootObject = 26D6465F1F12B54200BD8BD9 /* Project object */;
}
